PODS:
  - YYRouter (0.0.5):
    - YYRouter/YYRouter (= 0.0.5)
  - YYRouter/YYRouter (0.0.5)

DEPENDENCIES:
  - YYRouter (from `../`)

EXTERNAL SOURCES:
  YYRouter:
    :path: "../"

SPEC CHECKSUMS:
  YYRouter: b4cc9b2549dd8f9ebb93b1ab572ad670a730fc93

PODFILE CHECKSUM: ba992e51be9575cae96df94b6f24371257260cdc

COCOAPODS: 1.11.2
