PODS:
  - YYRouter (0.0.3):
    - YYRouter/YYRouter (= 0.0.3)
  - YYRouter/YYRouter (0.0.3)

DEPENDENCIES:
  - YYRouter (from `../`)

EXTERNAL SOURCES:
  YYRouter:
    :path: "../"

SPEC CHECKSUMS:
  YYRouter: c6fb7d5d48a515fb1e8ebe18fd192f45293b3ccb

PODFILE CHECKSUM: ba992e51be9575cae96df94b6f24371257260cdc

COCOAPODS: 1.11.2
