PODS:
  - YYRouter (0.0.4):
    - YYRouter/YYRouter (= 0.0.4)
  - YYRouter/YYRouter (0.0.4)

DEPENDENCIES:
  - YYRouter (from `../`)

EXTERNAL SOURCES:
  YYRouter:
    :path: "../"

SPEC CHECKSUMS:
  YYRouter: 58ebefc3b8d7f7ee58d2788ddf7347262b2bd601

PODFILE CHECKSUM: ba992e51be9575cae96df94b6f24371257260cdc

COCOAPODS: 1.11.2
